
Microsoft Visual Studio Solution File, Format Version 12.00
# Visual Studio Version 16
VisualStudioVersion = 16.0.29418.71
MinimumVisualStudioVersion = 10.0.40219.1
Project("{8BC9CEB8-8B4A-11D0-8D11-00A0C91BC942}") = "AzureTest", "AzureTest.vcxproj", "{1CE846AD-AC5B-4E34-BC42-6A7CB9582FC3}"
EndProject
Global
	GlobalSection(SolutionConfigurationPlatforms) = preSolution
		Debug|x64 = Debug|x64
		Debug|x86 = Debug|x86
		Release|x64 = Release|x64
		Release|x86 = Release|x86
	EndGlobalSection
	GlobalSection(ProjectConfigurationPlatforms) = postSolution
		{1CE846AD-AC5B-4E34-BC42-6A7CB9582FC3}.Debug|x64.ActiveCfg = Debug|x64
		{1CE846AD-AC5B-4E34-BC42-6A7CB9582FC3}.Debug|x64.Build.0 = Debug|x64
		{1CE846AD-AC5B-4E34-BC42-6A7CB9582FC3}.Debug|x86.ActiveCfg = Debug|Win32
		{1CE846AD-AC5B-4E34-BC42-6A7CB9582FC3}.Debug|x86.Build.0 = Debug|Win32
		{1CE846AD-AC5B-4E34-BC42-6A7CB9582FC3}.Release|x64.ActiveCfg = Release|x64
		{1CE846AD-AC5B-4E34-BC42-6A7CB9582FC3}.Release|x64.Build.0 = Release|x64
		{1CE846AD-AC5B-4E34-BC42-6A7CB9582FC3}.Release|x86.ActiveCfg = Release|Win32
		{1CE846AD-AC5B-4E34-BC42-6A7CB9582FC3}.Release|x86.Build.0 = Release|Win32
	EndGlobalSection
	GlobalSection(SolutionProperties) = preSolution
		HideSolutionNode = FALSE
	EndGlobalSection
	GlobalSection(ExtensibilityGlobals) = postSolution
		SolutionGuid = {45DA1624-3979-4816-BB2D-34F68C1D5398}
	EndGlobalSection
EndGlobal
